
Microsoft Visual Studio Solution File, Format Version 12.00
# Visual Studio Version 17
VisualStudioVersion = 17.4.33213.308
MinimumVisualStudioVersion = 10.0.40219.1
Project("{9A19103F-16F7-4668-BE54-9A1E7A4F7556}") = "LW4", "LW4_src\LW4.csproj", "{61D5EAC1-2441-4791-AA96-07B1E29A6CAC}"
EndProject
Project("{9A19103F-16F7-4668-BE54-9A1E7A4F7556}") = "LW4_UnitTest", "LW4_UnitTest\LW4_UnitTest.csproj", "{7FF82884-FE1F-4B28-9E46-D47A28248232}"
EndProject
Global
	GlobalSection(SolutionConfigurationPlatforms) = preSolution
		Debug|Any CPU = Debug|Any CPU
		Release|Any CPU = Release|Any CPU
	EndGlobalSection
	GlobalSection(ProjectConfigurationPlatforms) = postSolution
		{61D5EAC1-2441-4791-AA96-07B1E29A6CAC}.Debug|Any CPU.ActiveCfg = Debug|Any CPU
		{61D5EAC1-2441-4791-AA96-07B1E29A6CAC}.Debug|Any CPU.Build.0 = Debug|Any CPU
		{61D5EAC1-2441-4791-AA96-07B1E29A6CAC}.Release|Any CPU.ActiveCfg = Release|Any CPU
		{61D5EAC1-2441-4791-AA96-07B1E29A6CAC}.Release|Any CPU.Build.0 = Release|Any CPU
		{7FF82884-FE1F-4B28-9E46-D47A28248232}.Debug|Any CPU.ActiveCfg = Debug|Any CPU
		{7FF82884-FE1F-4B28-9E46-D47A28248232}.Debug|Any CPU.Build.0 = Debug|Any CPU
		{7FF82884-FE1F-4B28-9E46-D47A28248232}.Release|Any CPU.ActiveCfg = Release|Any CPU
		{7FF82884-FE1F-4B28-9E46-D47A28248232}.Release|Any CPU.Build.0 = Release|Any CPU
	EndGlobalSection
	GlobalSection(SolutionProperties) = preSolution
		HideSolutionNode = FALSE
	EndGlobalSection
	GlobalSection(ExtensibilityGlobals) = postSolution
		SolutionGuid = {48CB4850-22A7-4328-A284-9A5F4A85FD88}
	EndGlobalSection
EndGlobal
